
Microsoft Visual Studio Solution File, Format Version 12.00
# Visual Studio Version 17
VisualStudioVersion = 17.5.33530.505
MinimumVisualStudioVersion = 10.0.40219.1
Project("{FAE04EC0-301F-11D3-BF4B-00C04F79EFBC}") = "PracticeCSH2", "PracticeCSH2.csproj", "{3854F7A9-D349-4768-A523-F9DF2509A702}"
EndProject
Global
	GlobalSection(SolutionConfigurationPlatforms) = preSolution
		Debug|Any CPU = Debug|Any CPU
		Release|Any CPU = Release|Any CPU
	EndGlobalSection
	GlobalSection(ProjectConfigurationPlatforms) = postSolution
		{3854F7A9-D349-4768-A523-F9DF2509A702}.Debug|Any CPU.ActiveCfg = Debug|Any CPU
		{3854F7A9-D349-4768-A523-F9DF2509A702}.Debug|Any CPU.Build.0 = Debug|Any CPU
		{3854F7A9-D349-4768-A523-F9DF2509A702}.Release|Any CPU.ActiveCfg = Release|Any CPU
		{3854F7A9-D349-4768-A523-F9DF2509A702}.Release|Any CPU.Build.0 = Release|Any CPU
	EndGlobalSection
	GlobalSection(SolutionProperties) = preSolution
		HideSolutionNode = FALSE
	EndGlobalSection
	GlobalSection(ExtensibilityGlobals) = postSolution
		SolutionGuid = {597B541E-6454-4258-A073-4C6CD06EAECB}
	EndGlobalSection
EndGlobal
